
Microsoft Visual Studio Solution File, Format Version 12.00
# Visual Studio 2013
VisualStudioVersion = 12.0.21005.1
MinimumVisualStudioVersion = 10.0.40219.1
Project("{2150E333-8FDC-42A3-9474-1A3956D46DE8}") = ".nuget", ".nuget", "{DFA48E27-7D53-4955-A722-3D91A7119BE7}"
	ProjectSection(SolutionItems) = preProject
		.nuget\NuGet.Config = .nuget\NuGet.Config
		.nuget\NuGet.exe = .nuget\NuGet.exe
		.nuget\NuGet.targets = .nuget\NuGet.targets
	EndProjectSection
EndProject
Project("{FAE04EC0-301F-11D3-BF4B-00C04F79EFBC}") = "EventCloud.Core", "EventCloud.Core\EventCloud.Core.csproj", "{17298EA0-AF73-4F30-B6F1-2066100D7D74}"
EndProject
Project("{FAE04EC0-301F-11D3-BF4B-00C04F79EFBC}") = "EventCloud.Application", "EventCloud.Application\EventCloud.Application.csproj", "{EDF5D964-4C0F-4F19-B674-58A38A5E5401}"
EndProject
Project("{FAE04EC0-301F-11D3-BF4B-00C04F79EFBC}") = "EventCloud.EntityFramework", "EventCloud.EntityFramework\EventCloud.EntityFramework.csproj", "{3979F157-DEB0-4878-AB1D-4CEF6B5A1300}"
EndProject
Project("{FAE04EC0-301F-11D3-BF4B-00C04F79EFBC}") = "EventCloud.Web", "EventCloud.Web\EventCloud.Web.csproj", "{897F6FD8-6F90-48E4-95A5-B4429B896205}"
EndProject
Project("{FAE04EC0-301F-11D3-BF4B-00C04F79EFBC}") = "EventCloud.WebApi", "EventCloud.WebApi\EventCloud.WebApi.csproj", "{5EB52D3D-09FD-463A-B02A-8D9856BD3724}"
EndProject
Project("{2150E333-8FDC-42A3-9474-1A3956D46DE8}") = "Test", "Test", "{7E85C7E5-70BD-4C9D-B052-D95955F46609}"
EndProject
Project("{FAE04EC0-301F-11D3-BF4B-00C04F79EFBC}") = "EventCloud.Tests", "Tests\EventCloud.Tests\EventCloud.Tests.csproj", "{C602C47E-F379-40A3-A146-4F19105B3491}"
EndProject
Project("{2150E333-8FDC-42A3-9474-1A3956D46DE8}") = "Resource", "Resource", "{905B130C-39B6-49AE-83AD-061398B3887E}"
EndProject
Project("{E24C65DC-7377-472B-9ABA-BC803B73C61A}") = "detaildemo", "http://localhost:13178", "{66EBDA88-42E1-420A-843C-9A50719420F4}"
	ProjectSection(WebsiteProperties) = preProject
		UseIISExpress = "true"
		TargetFrameworkMoniker = ".NETFramework,Version%3Dv4.0"
		Debug.AspNetCompiler.VirtualPath = "/localhost_13178"
		Debug.AspNetCompiler.PhysicalPath = "Resource\detaildemo\"
		Debug.AspNetCompiler.TargetPath = "PrecompiledWeb\localhost_13178\"
		Debug.AspNetCompiler.Updateable = "true"
		Debug.AspNetCompiler.ForceOverwrite = "true"
		Debug.AspNetCompiler.FixedNames = "false"
		Debug.AspNetCompiler.Debug = "True"
		Release.AspNetCompiler.VirtualPath = "/localhost_13178"
		Release.AspNetCompiler.PhysicalPath = "Resource\detaildemo\"
		Release.AspNetCompiler.TargetPath = "PrecompiledWeb\localhost_13178\"
		Release.AspNetCompiler.Updateable = "true"
		Release.AspNetCompiler.ForceOverwrite = "true"
		Release.AspNetCompiler.FixedNames = "false"
		Release.AspNetCompiler.Debug = "False"
		SlnRelativePath = "Resource\detaildemo\"
	EndProjectSection
EndProject
Project("{E24C65DC-7377-472B-9ABA-BC803B73C61A}") = "AdminLTE-master", "http://localhost:13185", "{10776E82-6E33-4696-A690-8E2EE7B6F168}"
	ProjectSection(WebsiteProperties) = preProject
		UseIISExpress = "true"
		TargetFrameworkMoniker = ".NETFramework,Version%3Dv4.0"
		Debug.AspNetCompiler.VirtualPath = "/localhost_13185"
		Debug.AspNetCompiler.PhysicalPath = "Resource\AdminLTE-master\"
		Debug.AspNetCompiler.TargetPath = "PrecompiledWeb\localhost_13185\"
		Debug.AspNetCompiler.Updateable = "true"
		Debug.AspNetCompiler.ForceOverwrite = "true"
		Debug.AspNetCompiler.FixedNames = "false"
		Debug.AspNetCompiler.Debug = "True"
		Release.AspNetCompiler.VirtualPath = "/localhost_13185"
		Release.AspNetCompiler.PhysicalPath = "Resource\AdminLTE-master\"
		Release.AspNetCompiler.TargetPath = "PrecompiledWeb\localhost_13185\"
		Release.AspNetCompiler.Updateable = "true"
		Release.AspNetCompiler.ForceOverwrite = "true"
		Release.AspNetCompiler.FixedNames = "false"
		Release.AspNetCompiler.Debug = "False"
		SlnRelativePath = "Resource\AdminLTE-master\"
	EndProjectSection
EndProject
Project("{FAE04EC0-301F-11D3-BF4B-00C04F79EFBC}") = "Common", "Common\Common.csproj", "{0457041F-E667-470C-A3F6-DD507982250A}"
EndProject
Project("{E24C65DC-7377-472B-9ABA-BC803B73C61A}") = "bootstrap-daterangepicker", "http://localhost:55204", "{6EB57E69-85A2-4C9D-98B6-C0A822D661F9}"
	ProjectSection(WebsiteProperties) = preProject
		UseIISExpress = "true"
		TargetFrameworkMoniker = ".NETFramework,Version%3Dv4.0"
		Debug.AspNetCompiler.VirtualPath = "/localhost_55204"
		Debug.AspNetCompiler.PhysicalPath = "Resource\bootstrap-daterangepicker\"
		Debug.AspNetCompiler.TargetPath = "PrecompiledWeb\localhost_55204\"
		Debug.AspNetCompiler.Updateable = "true"
		Debug.AspNetCompiler.ForceOverwrite = "true"
		Debug.AspNetCompiler.FixedNames = "false"
		Debug.AspNetCompiler.Debug = "True"
		Release.AspNetCompiler.VirtualPath = "/localhost_55204"
		Release.AspNetCompiler.PhysicalPath = "Resource\bootstrap-daterangepicker\"
		Release.AspNetCompiler.TargetPath = "PrecompiledWeb\localhost_55204\"
		Release.AspNetCompiler.Updateable = "true"
		Release.AspNetCompiler.ForceOverwrite = "true"
		Release.AspNetCompiler.FixedNames = "false"
		Release.AspNetCompiler.Debug = "False"
		SlnRelativePath = "Resource\bootstrap-daterangepicker\"
	EndProjectSection
EndProject
Project("{E24C65DC-7377-472B-9ABA-BC803B73C61A}") = "jshow-for-bootstrap3", "http://localhost:55209", "{13EEA79A-92E0-427D-8C0C-60B236C4FF64}"
	ProjectSection(WebsiteProperties) = preProject
		UseIISExpress = "true"
		TargetFrameworkMoniker = ".NETFramework,Version%3Dv4.0"
		Debug.AspNetCompiler.VirtualPath = "/localhost_55209"
		Debug.AspNetCompiler.PhysicalPath = "Resource\jshow-for-bootstrap3\"
		Debug.AspNetCompiler.TargetPath = "PrecompiledWeb\localhost_55209\"
		Debug.AspNetCompiler.Updateable = "true"
		Debug.AspNetCompiler.ForceOverwrite = "true"
		Debug.AspNetCompiler.FixedNames = "false"
		Debug.AspNetCompiler.Debug = "True"
		Release.AspNetCompiler.VirtualPath = "/localhost_55209"
		Release.AspNetCompiler.PhysicalPath = "Resource\jshow-for-bootstrap3\"
		Release.AspNetCompiler.TargetPath = "PrecompiledWeb\localhost_55209\"
		Release.AspNetCompiler.Updateable = "true"
		Release.AspNetCompiler.ForceOverwrite = "true"
		Release.AspNetCompiler.FixedNames = "false"
		Release.AspNetCompiler.Debug = "False"
		SlnRelativePath = "Resource\jshow-for-bootstrap3\"
	EndProjectSection
EndProject
Project("{E24C65DC-7377-472B-9ABA-BC803B73C61A}") = "login7", "http://localhost:55240", "{AAC4F0D9-5101-4B21-81AA-A864A10CD3E3}"
	ProjectSection(WebsiteProperties) = preProject
		UseIISExpress = "true"
		TargetFrameworkMoniker = ".NETFramework,Version%3Dv4.0"
		Debug.AspNetCompiler.VirtualPath = "/localhost_55240"
		Debug.AspNetCompiler.PhysicalPath = "Resource\login7\"
		Debug.AspNetCompiler.TargetPath = "PrecompiledWeb\localhost_55240\"
		Debug.AspNetCompiler.Updateable = "true"
		Debug.AspNetCompiler.ForceOverwrite = "true"
		Debug.AspNetCompiler.FixedNames = "false"
		Debug.AspNetCompiler.Debug = "True"
		Release.AspNetCompiler.VirtualPath = "/localhost_55240"
		Release.AspNetCompiler.PhysicalPath = "Resource\login7\"
		Release.AspNetCompiler.TargetPath = "PrecompiledWeb\localhost_55240\"
		Release.AspNetCompiler.Updateable = "true"
		Release.AspNetCompiler.ForceOverwrite = "true"
		Release.AspNetCompiler.FixedNames = "false"
		Release.AspNetCompiler.Debug = "False"
		SlnRelativePath = "Resource\login7\"
	EndProjectSection
EndProject
Project("{FAE04EC0-301F-11D3-BF4B-00C04F79EFBC}") = "QuartzDemo", "Tests\QuartzDemo\QuartzDemo\QuartzDemo.csproj", "{2C8EF700-DB89-41D7-BA97-D4646A9DC227}"
EndProject
Global
	GlobalSection(SolutionConfigurationPlatforms) = preSolution
		Backup_Release|Any CPU = Backup_Release|Any CPU
		Debug|Any CPU = Debug|Any CPU
		Normal_Release|Any CPU = Normal_Release|Any CPU
		Performance_Release|Any CPU = Performance_Release|Any CPU
		Release|Any CPU = Release|Any CPU
		Special_Release|Any CPU = Special_Release|Any CPU
		Urgent_Release|Any CPU = Urgent_Release|Any CPU
	EndGlobalSection
	GlobalSection(ProjectConfigurationPlatforms) = postSolution
		{17298EA0-AF73-4F30-B6F1-2066100D7D74}.Backup_Release|Any CPU.ActiveCfg = Release|Any CPU
		{17298EA0-AF73-4F30-B6F1-2066100D7D74}.Backup_Release|Any CPU.Build.0 = Release|Any CPU
		{17298EA0-AF73-4F30-B6F1-2066100D7D74}.Debug|Any CPU.ActiveCfg = Debug|Any CPU
		{17298EA0-AF73-4F30-B6F1-2066100D7D74}.Debug|Any CPU.Build.0 = Debug|Any CPU
		{17298EA0-AF73-4F30-B6F1-2066100D7D74}.Normal_Release|Any CPU.ActiveCfg = Release|Any CPU
		{17298EA0-AF73-4F30-B6F1-2066100D7D74}.Normal_Release|Any CPU.Build.0 = Release|Any CPU
		{17298EA0-AF73-4F30-B6F1-2066100D7D74}.Performance_Release|Any CPU.ActiveCfg = Release|Any CPU
		{17298EA0-AF73-4F30-B6F1-2066100D7D74}.Performance_Release|Any CPU.Build.0 = Release|Any CPU
		{17298EA0-AF73-4F30-B6F1-2066100D7D74}.Release|Any CPU.ActiveCfg = Release|Any CPU
		{17298EA0-AF73-4F30-B6F1-2066100D7D74}.Release|Any CPU.Build.0 = Release|Any CPU
		{17298EA0-AF73-4F30-B6F1-2066100D7D74}.Special_Release|Any CPU.ActiveCfg = Release|Any CPU
		{17298EA0-AF73-4F30-B6F1-2066100D7D74}.Special_Release|Any CPU.Build.0 = Release|Any CPU
		{17298EA0-AF73-4F30-B6F1-2066100D7D74}.Urgent_Release|Any CPU.ActiveCfg = Release|Any CPU
		{17298EA0-AF73-4F30-B6F1-2066100D7D74}.Urgent_Release|Any CPU.Build.0 = Release|Any CPU
		{EDF5D964-4C0F-4F19-B674-58A38A5E5401}.Backup_Release|Any CPU.ActiveCfg = Release|Any CPU
		{EDF5D964-4C0F-4F19-B674-58A38A5E5401}.Backup_Release|Any CPU.Build.0 = Release|Any CPU
		{EDF5D964-4C0F-4F19-B674-58A38A5E5401}.Debug|Any CPU.ActiveCfg = Debug|Any CPU
		{EDF5D964-4C0F-4F19-B674-58A38A5E5401}.Debug|Any CPU.Build.0 = Debug|Any CPU
		{EDF5D964-4C0F-4F19-B674-58A38A5E5401}.Normal_Release|Any CPU.ActiveCfg = Release|Any CPU
		{EDF5D964-4C0F-4F19-B674-58A38A5E5401}.Normal_Release|Any CPU.Build.0 = Release|Any CPU
		{EDF5D964-4C0F-4F19-B674-58A38A5E5401}.Performance_Release|Any CPU.ActiveCfg = Release|Any CPU
		{EDF5D964-4C0F-4F19-B674-58A38A5E5401}.Performance_Release|Any CPU.Build.0 = Release|Any CPU
		{EDF5D964-4C0F-4F19-B674-58A38A5E5401}.Release|Any CPU.ActiveCfg = Release|Any CPU
		{EDF5D964-4C0F-4F19-B674-58A38A5E5401}.Release|Any CPU.Build.0 = Release|Any CPU
		{EDF5D964-4C0F-4F19-B674-58A38A5E5401}.Special_Release|Any CPU.ActiveCfg = Release|Any CPU
		{EDF5D964-4C0F-4F19-B674-58A38A5E5401}.Special_Release|Any CPU.Build.0 = Release|Any CPU
		{EDF5D964-4C0F-4F19-B674-58A38A5E5401}.Urgent_Release|Any CPU.ActiveCfg = Release|Any CPU
		{EDF5D964-4C0F-4F19-B674-58A38A5E5401}.Urgent_Release|Any CPU.Build.0 = Release|Any CPU
		{3979F157-DEB0-4878-AB1D-4CEF6B5A1300}.Backup_Release|Any CPU.ActiveCfg = Release|Any CPU
		{3979F157-DEB0-4878-AB1D-4CEF6B5A1300}.Backup_Release|Any CPU.Build.0 = Release|Any CPU
		{3979F157-DEB0-4878-AB1D-4CEF6B5A1300}.Debug|Any CPU.ActiveCfg = Debug|Any CPU
		{3979F157-DEB0-4878-AB1D-4CEF6B5A1300}.Debug|Any CPU.Build.0 = Debug|Any CPU
		{3979F157-DEB0-4878-AB1D-4CEF6B5A1300}.Normal_Release|Any CPU.ActiveCfg = Release|Any CPU
		{3979F157-DEB0-4878-AB1D-4CEF6B5A1300}.Normal_Release|Any CPU.Build.0 = Release|Any CPU
		{3979F157-DEB0-4878-AB1D-4CEF6B5A1300}.Performance_Release|Any CPU.ActiveCfg = Release|Any CPU
		{3979F157-DEB0-4878-AB1D-4CEF6B5A1300}.Performance_Release|Any CPU.Build.0 = Release|Any CPU
		{3979F157-DEB0-4878-AB1D-4CEF6B5A1300}.Release|Any CPU.ActiveCfg = Release|Any CPU
		{3979F157-DEB0-4878-AB1D-4CEF6B5A1300}.Release|Any CPU.Build.0 = Release|Any CPU
		{3979F157-DEB0-4878-AB1D-4CEF6B5A1300}.Special_Release|Any CPU.ActiveCfg = Release|Any CPU
		{3979F157-DEB0-4878-AB1D-4CEF6B5A1300}.Special_Release|Any CPU.Build.0 = Release|Any CPU
		{3979F157-DEB0-4878-AB1D-4CEF6B5A1300}.Urgent_Release|Any CPU.ActiveCfg = Release|Any CPU
		{3979F157-DEB0-4878-AB1D-4CEF6B5A1300}.Urgent_Release|Any CPU.Build.0 = Release|Any CPU
		{897F6FD8-6F90-48E4-95A5-B4429B896205}.Backup_Release|Any CPU.ActiveCfg = Release|Any CPU
		{897F6FD8-6F90-48E4-95A5-B4429B896205}.Backup_Release|Any CPU.Build.0 = Release|Any CPU
		{897F6FD8-6F90-48E4-95A5-B4429B896205}.Debug|Any CPU.ActiveCfg = Debug|Any CPU
		{897F6FD8-6F90-48E4-95A5-B4429B896205}.Debug|Any CPU.Build.0 = Debug|Any CPU
		{897F6FD8-6F90-48E4-95A5-B4429B896205}.Normal_Release|Any CPU.ActiveCfg = Release|Any CPU
		{897F6FD8-6F90-48E4-95A5-B4429B896205}.Normal_Release|Any CPU.Build.0 = Release|Any CPU
		{897F6FD8-6F90-48E4-95A5-B4429B896205}.Performance_Release|Any CPU.ActiveCfg = Release|Any CPU
		{897F6FD8-6F90-48E4-95A5-B4429B896205}.Performance_Release|Any CPU.Build.0 = Release|Any CPU
		{897F6FD8-6F90-48E4-95A5-B4429B896205}.Release|Any CPU.ActiveCfg = Release|Any CPU
		{897F6FD8-6F90-48E4-95A5-B4429B896205}.Release|Any CPU.Build.0 = Release|Any CPU
		{897F6FD8-6F90-48E4-95A5-B4429B896205}.Special_Release|Any CPU.ActiveCfg = Release|Any CPU
		{897F6FD8-6F90-48E4-95A5-B4429B896205}.Special_Release|Any CPU.Build.0 = Release|Any CPU
		{897F6FD8-6F90-48E4-95A5-B4429B896205}.Urgent_Release|Any CPU.ActiveCfg = Release|Any CPU
		{897F6FD8-6F90-48E4-95A5-B4429B896205}.Urgent_Release|Any CPU.Build.0 = Release|Any CPU
		{5EB52D3D-09FD-463A-B02A-8D9856BD3724}.Backup_Release|Any CPU.ActiveCfg = Release|Any CPU
		{5EB52D3D-09FD-463A-B02A-8D9856BD3724}.Backup_Release|Any CPU.Build.0 = Release|Any CPU
		{5EB52D3D-09FD-463A-B02A-8D9856BD3724}.Debug|Any CPU.ActiveCfg = Debug|Any CPU
		{5EB52D3D-09FD-463A-B02A-8D9856BD3724}.Debug|Any CPU.Build.0 = Debug|Any CPU
		{5EB52D3D-09FD-463A-B02A-8D9856BD3724}.Normal_Release|Any CPU.ActiveCfg = Release|Any CPU
		{5EB52D3D-09FD-463A-B02A-8D9856BD3724}.Normal_Release|Any CPU.Build.0 = Release|Any CPU
		{5EB52D3D-09FD-463A-B02A-8D9856BD3724}.Performance_Release|Any CPU.ActiveCfg = Release|Any CPU
		{5EB52D3D-09FD-463A-B02A-8D9856BD3724}.Performance_Release|Any CPU.Build.0 = Release|Any CPU
		{5EB52D3D-09FD-463A-B02A-8D9856BD3724}.Release|Any CPU.ActiveCfg = Release|Any CPU
		{5EB52D3D-09FD-463A-B02A-8D9856BD3724}.Release|Any CPU.Build.0 = Release|Any CPU
		{5EB52D3D-09FD-463A-B02A-8D9856BD3724}.Special_Release|Any CPU.ActiveCfg = Release|Any CPU
		{5EB52D3D-09FD-463A-B02A-8D9856BD3724}.Special_Release|Any CPU.Build.0 = Release|Any CPU
		{5EB52D3D-09FD-463A-B02A-8D9856BD3724}.Urgent_Release|Any CPU.ActiveCfg = Release|Any CPU
		{5EB52D3D-09FD-463A-B02A-8D9856BD3724}.Urgent_Release|Any CPU.Build.0 = Release|Any CPU
		{C602C47E-F379-40A3-A146-4F19105B3491}.Backup_Release|Any CPU.ActiveCfg = Release|Any CPU
		{C602C47E-F379-40A3-A146-4F19105B3491}.Backup_Release|Any CPU.Build.0 = Release|Any CPU
		{C602C47E-F379-40A3-A146-4F19105B3491}.Debug|Any CPU.ActiveCfg = Debug|Any CPU
		{C602C47E-F379-40A3-A146-4F19105B3491}.Debug|Any CPU.Build.0 = Debug|Any CPU
		{C602C47E-F379-40A3-A146-4F19105B3491}.Normal_Release|Any CPU.ActiveCfg = Release|Any CPU
		{C602C47E-F379-40A3-A146-4F19105B3491}.Normal_Release|Any CPU.Build.0 = Release|Any CPU
		{C602C47E-F379-40A3-A146-4F19105B3491}.Performance_Release|Any CPU.ActiveCfg = Release|Any CPU
		{C602C47E-F379-40A3-A146-4F19105B3491}.Performance_Release|Any CPU.Build.0 = Release|Any CPU
		{C602C47E-F379-40A3-A146-4F19105B3491}.Release|Any CPU.ActiveCfg = Release|Any CPU
		{C602C47E-F379-40A3-A146-4F19105B3491}.Release|Any CPU.Build.0 = Release|Any CPU
		{C602C47E-F379-40A3-A146-4F19105B3491}.Special_Release|Any CPU.ActiveCfg = Release|Any CPU
		{C602C47E-F379-40A3-A146-4F19105B3491}.Special_Release|Any CPU.Build.0 = Release|Any CPU
		{C602C47E-F379-40A3-A146-4F19105B3491}.Urgent_Release|Any CPU.ActiveCfg = Release|Any CPU
		{C602C47E-F379-40A3-A146-4F19105B3491}.Urgent_Release|Any CPU.Build.0 = Release|Any CPU
		{66EBDA88-42E1-420A-843C-9A50719420F4}.Backup_Release|Any CPU.ActiveCfg = Debug|Any CPU
		{66EBDA88-42E1-420A-843C-9A50719420F4}.Backup_Release|Any CPU.Build.0 = Debug|Any CPU
		{66EBDA88-42E1-420A-843C-9A50719420F4}.Debug|Any CPU.ActiveCfg = Debug|Any CPU
		{66EBDA88-42E1-420A-843C-9A50719420F4}.Debug|Any CPU.Build.0 = Debug|Any CPU
		{66EBDA88-42E1-420A-843C-9A50719420F4}.Normal_Release|Any CPU.ActiveCfg = Debug|Any CPU
		{66EBDA88-42E1-420A-843C-9A50719420F4}.Normal_Release|Any CPU.Build.0 = Debug|Any CPU
		{66EBDA88-42E1-420A-843C-9A50719420F4}.Performance_Release|Any CPU.ActiveCfg = Debug|Any CPU
		{66EBDA88-42E1-420A-843C-9A50719420F4}.Performance_Release|Any CPU.Build.0 = Debug|Any CPU
		{66EBDA88-42E1-420A-843C-9A50719420F4}.Release|Any CPU.ActiveCfg = Debug|Any CPU
		{66EBDA88-42E1-420A-843C-9A50719420F4}.Release|Any CPU.Build.0 = Debug|Any CPU
		{66EBDA88-42E1-420A-843C-9A50719420F4}.Special_Release|Any CPU.ActiveCfg = Debug|Any CPU
		{66EBDA88-42E1-420A-843C-9A50719420F4}.Special_Release|Any CPU.Build.0 = Debug|Any CPU
		{66EBDA88-42E1-420A-843C-9A50719420F4}.Urgent_Release|Any CPU.ActiveCfg = Debug|Any CPU
		{66EBDA88-42E1-420A-843C-9A50719420F4}.Urgent_Release|Any CPU.Build.0 = Debug|Any CPU
		{10776E82-6E33-4696-A690-8E2EE7B6F168}.Backup_Release|Any CPU.ActiveCfg = Debug|Any CPU
		{10776E82-6E33-4696-A690-8E2EE7B6F168}.Backup_Release|Any CPU.Build.0 = Debug|Any CPU
		{10776E82-6E33-4696-A690-8E2EE7B6F168}.Debug|Any CPU.ActiveCfg = Debug|Any CPU
		{10776E82-6E33-4696-A690-8E2EE7B6F168}.Debug|Any CPU.Build.0 = Debug|Any CPU
		{10776E82-6E33-4696-A690-8E2EE7B6F168}.Normal_Release|Any CPU.ActiveCfg = Debug|Any CPU
		{10776E82-6E33-4696-A690-8E2EE7B6F168}.Normal_Release|Any CPU.Build.0 = Debug|Any CPU
		{10776E82-6E33-4696-A690-8E2EE7B6F168}.Performance_Release|Any CPU.ActiveCfg = Debug|Any CPU
		{10776E82-6E33-4696-A690-8E2EE7B6F168}.Performance_Release|Any CPU.Build.0 = Debug|Any CPU
		{10776E82-6E33-4696-A690-8E2EE7B6F168}.Release|Any CPU.ActiveCfg = Debug|Any CPU
		{10776E82-6E33-4696-A690-8E2EE7B6F168}.Release|Any CPU.Build.0 = Debug|Any CPU
		{10776E82-6E33-4696-A690-8E2EE7B6F168}.Special_Release|Any CPU.ActiveCfg = Debug|Any CPU
		{10776E82-6E33-4696-A690-8E2EE7B6F168}.Special_Release|Any CPU.Build.0 = Debug|Any CPU
		{10776E82-6E33-4696-A690-8E2EE7B6F168}.Urgent_Release|Any CPU.ActiveCfg = Debug|Any CPU
		{10776E82-6E33-4696-A690-8E2EE7B6F168}.Urgent_Release|Any CPU.Build.0 = Debug|Any CPU
		{0457041F-E667-470C-A3F6-DD507982250A}.Backup_Release|Any CPU.ActiveCfg = Backup_Release|Any CPU
		{0457041F-E667-470C-A3F6-DD507982250A}.Backup_Release|Any CPU.Build.0 = Backup_Release|Any CPU
		{0457041F-E667-470C-A3F6-DD507982250A}.Debug|Any CPU.ActiveCfg = Debug|Any CPU
		{0457041F-E667-470C-A3F6-DD507982250A}.Debug|Any CPU.Build.0 = Debug|Any CPU
		{0457041F-E667-470C-A3F6-DD507982250A}.Normal_Release|Any CPU.ActiveCfg = Normal_Release|Any CPU
		{0457041F-E667-470C-A3F6-DD507982250A}.Normal_Release|Any CPU.Build.0 = Normal_Release|Any CPU
		{0457041F-E667-470C-A3F6-DD507982250A}.Performance_Release|Any CPU.ActiveCfg = Performance_Release|Any CPU
		{0457041F-E667-470C-A3F6-DD507982250A}.Performance_Release|Any CPU.Build.0 = Performance_Release|Any CPU
		{0457041F-E667-470C-A3F6-DD507982250A}.Release|Any CPU.ActiveCfg = Release|Any CPU
		{0457041F-E667-470C-A3F6-DD507982250A}.Release|Any CPU.Build.0 = Release|Any CPU
		{0457041F-E667-470C-A3F6-DD507982250A}.Special_Release|Any CPU.ActiveCfg = Special_Release|Any CPU
		{0457041F-E667-470C-A3F6-DD507982250A}.Special_Release|Any CPU.Build.0 = Special_Release|Any CPU
		{0457041F-E667-470C-A3F6-DD507982250A}.Urgent_Release|Any CPU.ActiveCfg = Urgent_Release|Any CPU
		{0457041F-E667-470C-A3F6-DD507982250A}.Urgent_Release|Any CPU.Build.0 = Urgent_Release|Any CPU
		{6EB57E69-85A2-4C9D-98B6-C0A822D661F9}.Backup_Release|Any CPU.ActiveCfg = Debug|Any CPU
		{6EB57E69-85A2-4C9D-98B6-C0A822D661F9}.Backup_Release|Any CPU.Build.0 = Debug|Any CPU
		{6EB57E69-85A2-4C9D-98B6-C0A822D661F9}.Debug|Any CPU.ActiveCfg = Debug|Any CPU
		{6EB57E69-85A2-4C9D-98B6-C0A822D661F9}.Debug|Any CPU.Build.0 = Debug|Any CPU
		{6EB57E69-85A2-4C9D-98B6-C0A822D661F9}.Normal_Release|Any CPU.ActiveCfg = Debug|Any CPU
		{6EB57E69-85A2-4C9D-98B6-C0A822D661F9}.Normal_Release|Any CPU.Build.0 = Debug|Any CPU
		{6EB57E69-85A2-4C9D-98B6-C0A822D661F9}.Performance_Release|Any CPU.ActiveCfg = Debug|Any CPU
		{6EB57E69-85A2-4C9D-98B6-C0A822D661F9}.Performance_Release|Any CPU.Build.0 = Debug|Any CPU
		{6EB57E69-85A2-4C9D-98B6-C0A822D661F9}.Release|Any CPU.ActiveCfg = Debug|Any CPU
		{6EB57E69-85A2-4C9D-98B6-C0A822D661F9}.Release|Any CPU.Build.0 = Debug|Any CPU
		{6EB57E69-85A2-4C9D-98B6-C0A822D661F9}.Special_Release|Any CPU.ActiveCfg = Debug|Any CPU
		{6EB57E69-85A2-4C9D-98B6-C0A822D661F9}.Special_Release|Any CPU.Build.0 = Debug|Any CPU
		{6EB57E69-85A2-4C9D-98B6-C0A822D661F9}.Urgent_Release|Any CPU.ActiveCfg = Debug|Any CPU
		{6EB57E69-85A2-4C9D-98B6-C0A822D661F9}.Urgent_Release|Any CPU.Build.0 = Debug|Any CPU
		{13EEA79A-92E0-427D-8C0C-60B236C4FF64}.Backup_Release|Any CPU.ActiveCfg = Debug|Any CPU
		{13EEA79A-92E0-427D-8C0C-60B236C4FF64}.Backup_Release|Any CPU.Build.0 = Debug|Any CPU
		{13EEA79A-92E0-427D-8C0C-60B236C4FF64}.Debug|Any CPU.ActiveCfg = Debug|Any CPU
		{13EEA79A-92E0-427D-8C0C-60B236C4FF64}.Debug|Any CPU.Build.0 = Debug|Any CPU
		{13EEA79A-92E0-427D-8C0C-60B236C4FF64}.Normal_Release|Any CPU.ActiveCfg = Debug|Any CPU
		{13EEA79A-92E0-427D-8C0C-60B236C4FF64}.Normal_Release|Any CPU.Build.0 = Debug|Any CPU
		{13EEA79A-92E0-427D-8C0C-60B236C4FF64}.Performance_Release|Any CPU.ActiveCfg = Debug|Any CPU
		{13EEA79A-92E0-427D-8C0C-60B236C4FF64}.Performance_Release|Any CPU.Build.0 = Debug|Any CPU
		{13EEA79A-92E0-427D-8C0C-60B236C4FF64}.Release|Any CPU.ActiveCfg = Debug|Any CPU
		{13EEA79A-92E0-427D-8C0C-60B236C4FF64}.Release|Any CPU.Build.0 = Debug|Any CPU
		{13EEA79A-92E0-427D-8C0C-60B236C4FF64}.Special_Release|Any CPU.ActiveCfg = Debug|Any CPU
		{13EEA79A-92E0-427D-8C0C-60B236C4FF64}.Special_Release|Any CPU.Build.0 = Debug|Any CPU
		{13EEA79A-92E0-427D-8C0C-60B236C4FF64}.Urgent_Release|Any CPU.ActiveCfg = Debug|Any CPU
		{13EEA79A-92E0-427D-8C0C-60B236C4FF64}.Urgent_Release|Any CPU.Build.0 = Debug|Any CPU
		{AAC4F0D9-5101-4B21-81AA-A864A10CD3E3}.Backup_Release|Any CPU.ActiveCfg = Debug|Any CPU
		{AAC4F0D9-5101-4B21-81AA-A864A10CD3E3}.Backup_Release|Any CPU.Build.0 = Debug|Any CPU
		{AAC4F0D9-5101-4B21-81AA-A864A10CD3E3}.Debug|Any CPU.ActiveCfg = Debug|Any CPU
		{AAC4F0D9-5101-4B21-81AA-A864A10CD3E3}.Debug|Any CPU.Build.0 = Debug|Any CPU
		{AAC4F0D9-5101-4B21-81AA-A864A10CD3E3}.Normal_Release|Any CPU.ActiveCfg = Debug|Any CPU
		{AAC4F0D9-5101-4B21-81AA-A864A10CD3E3}.Normal_Release|Any CPU.Build.0 = Debug|Any CPU
		{AAC4F0D9-5101-4B21-81AA-A864A10CD3E3}.Performance_Release|Any CPU.ActiveCfg = Debug|Any CPU
		{AAC4F0D9-5101-4B21-81AA-A864A10CD3E3}.Performance_Release|Any CPU.Build.0 = Debug|Any CPU
		{AAC4F0D9-5101-4B21-81AA-A864A10CD3E3}.Release|Any CPU.ActiveCfg = Debug|Any CPU
		{AAC4F0D9-5101-4B21-81AA-A864A10CD3E3}.Release|Any CPU.Build.0 = Debug|Any CPU
		{AAC4F0D9-5101-4B21-81AA-A864A10CD3E3}.Special_Release|Any CPU.ActiveCfg = Debug|Any CPU
		{AAC4F0D9-5101-4B21-81AA-A864A10CD3E3}.Special_Release|Any CPU.Build.0 = Debug|Any CPU
		{AAC4F0D9-5101-4B21-81AA-A864A10CD3E3}.Urgent_Release|Any CPU.ActiveCfg = Debug|Any CPU
		{AAC4F0D9-5101-4B21-81AA-A864A10CD3E3}.Urgent_Release|Any CPU.Build.0 = Debug|Any CPU
		{2C8EF700-DB89-41D7-BA97-D4646A9DC227}.Backup_Release|Any CPU.ActiveCfg = Release|Any CPU
		{2C8EF700-DB89-41D7-BA97-D4646A9DC227}.Backup_Release|Any CPU.Build.0 = Release|Any CPU
		{2C8EF700-DB89-41D7-BA97-D4646A9DC227}.Debug|Any CPU.ActiveCfg = Debug|Any CPU
		{2C8EF700-DB89-41D7-BA97-D4646A9DC227}.Debug|Any CPU.Build.0 = Debug|Any CPU
		{2C8EF700-DB89-41D7-BA97-D4646A9DC227}.Normal_Release|Any CPU.ActiveCfg = Release|Any CPU
		{2C8EF700-DB89-41D7-BA97-D4646A9DC227}.Normal_Release|Any CPU.Build.0 = Release|Any CPU
		{2C8EF700-DB89-41D7-BA97-D4646A9DC227}.Performance_Release|Any CPU.ActiveCfg = Release|Any CPU
		{2C8EF700-DB89-41D7-BA97-D4646A9DC227}.Performance_Release|Any CPU.Build.0 = Release|Any CPU
		{2C8EF700-DB89-41D7-BA97-D4646A9DC227}.Release|Any CPU.ActiveCfg = Release|Any CPU
		{2C8EF700-DB89-41D7-BA97-D4646A9DC227}.Release|Any CPU.Build.0 = Release|Any CPU
		{2C8EF700-DB89-41D7-BA97-D4646A9DC227}.Special_Release|Any CPU.ActiveCfg = Release|Any CPU
		{2C8EF700-DB89-41D7-BA97-D4646A9DC227}.Special_Release|Any CPU.Build.0 = Release|Any CPU
		{2C8EF700-DB89-41D7-BA97-D4646A9DC227}.Urgent_Release|Any CPU.ActiveCfg = Release|Any CPU
		{2C8EF700-DB89-41D7-BA97-D4646A9DC227}.Urgent_Release|Any CPU.Build.0 = Release|Any CPU
	EndGlobalSection
	GlobalSection(SolutionProperties) = preSolution
		HideSolutionNode = FALSE
	EndGlobalSection
	GlobalSection(NestedProjects) = preSolution
		{C602C47E-F379-40A3-A146-4F19105B3491} = {7E85C7E5-70BD-4C9D-B052-D95955F46609}
		{2C8EF700-DB89-41D7-BA97-D4646A9DC227} = {7E85C7E5-70BD-4C9D-B052-D95955F46609}
		{66EBDA88-42E1-420A-843C-9A50719420F4} = {905B130C-39B6-49AE-83AD-061398B3887E}
		{10776E82-6E33-4696-A690-8E2EE7B6F168} = {905B130C-39B6-49AE-83AD-061398B3887E}
		{6EB57E69-85A2-4C9D-98B6-C0A822D661F9} = {905B130C-39B6-49AE-83AD-061398B3887E}
		{13EEA79A-92E0-427D-8C0C-60B236C4FF64} = {905B130C-39B6-49AE-83AD-061398B3887E}
		{AAC4F0D9-5101-4B21-81AA-A864A10CD3E3} = {905B130C-39B6-49AE-83AD-061398B3887E}
	EndGlobalSection
EndGlobal
